
Microsoft Visual Studio Solution File, Format Version 12.00
# Visual Studio Version 16
VisualStudioVersion = 16.0.31424.327
MinimumVisualStudioVersion = 10.0.40219.1
Project("{9A19103F-16F7-4668-BE54-9A1E7A4F7556}") = "CKE.Host", "CKE.Host\CKE.Host.csproj", "{B98156B0-12EC-46EE-84D6-B72EE1A93E3A}"
EndProject
Project("{9A19103F-16F7-4668-BE54-9A1E7A4F7556}") = "CKE.Shared", "CKE.Shared\CKE.Shared.csproj", "{C89757DC-6F48-412C-A5EC-BD8208EFC60F}"
EndProject
Project("{9A19103F-16F7-4668-BE54-9A1E7A4F7556}") = "CKE.Infra", "CKE.Infra\CKE.Infra.csproj", "{4BB26A7E-7E24-492E-AB89-45D2AC6D88C5}"
EndProject
Project("{2150E333-8FDC-42A3-9474-1A3956D46DE8}") = "Modules", "Modules", "{F7999E0F-526C-4378-90A2-87729A00C136}"
EndProject
Project("{9A19103F-16F7-4668-BE54-9A1E7A4F7556}") = "CKE.Modules.Account", "CKE.Modules.Account\CKE.Modules.Account.csproj", "{14EFB5B4-1777-43A5-AEED-4C413489D87A}"
EndProject
Project("{FAE04EC0-301F-11D3-BF4B-00C04F79EFBC}") = "CKE.Module.Catalog", "CKE.Module.Catalog\CKE.Module.Catalog.csproj", "{27785907-6DF5-4174-BAC3-2091625F8FB7}"
EndProject
Global
	GlobalSection(SolutionConfigurationPlatforms) = preSolution
		Debug|Any CPU = Debug|Any CPU
		Release|Any CPU = Release|Any CPU
	EndGlobalSection
	GlobalSection(ProjectConfigurationPlatforms) = postSolution
		{B98156B0-12EC-46EE-84D6-B72EE1A93E3A}.Debug|Any CPU.ActiveCfg = Debug|Any CPU
		{B98156B0-12EC-46EE-84D6-B72EE1A93E3A}.Debug|Any CPU.Build.0 = Debug|Any CPU
		{B98156B0-12EC-46EE-84D6-B72EE1A93E3A}.Release|Any CPU.ActiveCfg = Release|Any CPU
		{B98156B0-12EC-46EE-84D6-B72EE1A93E3A}.Release|Any CPU.Build.0 = Release|Any CPU
		{C89757DC-6F48-412C-A5EC-BD8208EFC60F}.Debug|Any CPU.ActiveCfg = Debug|Any CPU
		{C89757DC-6F48-412C-A5EC-BD8208EFC60F}.Debug|Any CPU.Build.0 = Debug|Any CPU
		{C89757DC-6F48-412C-A5EC-BD8208EFC60F}.Release|Any CPU.ActiveCfg = Release|Any CPU
		{C89757DC-6F48-412C-A5EC-BD8208EFC60F}.Release|Any CPU.Build.0 = Release|Any CPU
		{4BB26A7E-7E24-492E-AB89-45D2AC6D88C5}.Debug|Any CPU.ActiveCfg = Debug|Any CPU
		{4BB26A7E-7E24-492E-AB89-45D2AC6D88C5}.Debug|Any CPU.Build.0 = Debug|Any CPU
		{4BB26A7E-7E24-492E-AB89-45D2AC6D88C5}.Release|Any CPU.ActiveCfg = Release|Any CPU
		{4BB26A7E-7E24-492E-AB89-45D2AC6D88C5}.Release|Any CPU.Build.0 = Release|Any CPU
		{14EFB5B4-1777-43A5-AEED-4C413489D87A}.Debug|Any CPU.ActiveCfg = Debug|Any CPU
		{14EFB5B4-1777-43A5-AEED-4C413489D87A}.Debug|Any CPU.Build.0 = Debug|Any CPU
		{14EFB5B4-1777-43A5-AEED-4C413489D87A}.Release|Any CPU.ActiveCfg = Release|Any CPU
		{14EFB5B4-1777-43A5-AEED-4C413489D87A}.Release|Any CPU.Build.0 = Release|Any CPU
		{27785907-6DF5-4174-BAC3-2091625F8FB7}.Debug|Any CPU.ActiveCfg = Debug|Any CPU
		{27785907-6DF5-4174-BAC3-2091625F8FB7}.Debug|Any CPU.Build.0 = Debug|Any CPU
		{27785907-6DF5-4174-BAC3-2091625F8FB7}.Release|Any CPU.ActiveCfg = Release|Any CPU
		{27785907-6DF5-4174-BAC3-2091625F8FB7}.Release|Any CPU.Build.0 = Release|Any CPU
	EndGlobalSection
	GlobalSection(SolutionProperties) = preSolution
		HideSolutionNode = FALSE
	EndGlobalSection
	GlobalSection(NestedProjects) = preSolution
		{14EFB5B4-1777-43A5-AEED-4C413489D87A} = {F7999E0F-526C-4378-90A2-87729A00C136}
		{27785907-6DF5-4174-BAC3-2091625F8FB7} = {F7999E0F-526C-4378-90A2-87729A00C136}
	EndGlobalSection
	GlobalSection(ExtensibilityGlobals) = postSolution
		SolutionGuid = {55340820-E10C-4734-8F06-A82EF715860C}
	EndGlobalSection
EndGlobal
